
Microsoft Visual Studio Solution File, Format Version 12.00
# Visual Studio Version 17
VisualStudioVersion = 17.7.34031.279
MinimumVisualStudioVersion = 10.0.40219.1
Project("{FAE04EC0-301F-11D3-BF4B-00C04F79EFBC}") = "WebApplication1", "WebApplication1.csproj", "{610B576B-88F9-4BFE-9FFF-29055C1CF21C}"
EndProject
Global
	GlobalSection(SolutionConfigurationPlatforms) = preSolution
		Debug|Any CPU = Debug|Any CPU
		Release|Any CPU = Release|Any CPU
	EndGlobalSection
	GlobalSection(ProjectConfigurationPlatforms) = postSolution
		{610B576B-88F9-4BFE-9FFF-29055C1CF21C}.Debug|Any CPU.ActiveCfg = Debug|Any CPU
		{610B576B-88F9-4BFE-9FFF-29055C1CF21C}.Debug|Any CPU.Build.0 = Debug|Any CPU
		{610B576B-88F9-4BFE-9FFF-29055C1CF21C}.Release|Any CPU.ActiveCfg = Release|Any CPU
		{610B576B-88F9-4BFE-9FFF-29055C1CF21C}.Release|Any CPU.Build.0 = Release|Any CPU
	EndGlobalSection
	GlobalSection(SolutionProperties) = preSolution
		HideSolutionNode = FALSE
	EndGlobalSection
	GlobalSection(ExtensibilityGlobals) = postSolution
		SolutionGuid = {AA958C0F-C943-4EB0-B37A-65CD04000AEC}
	EndGlobalSection
EndGlobal
